{
  "name": "Tome",
  "requires": true,
  "lockfileVersion": 1,
  "dependencies": {
    "classnames": {
      "version": "2.2.5",
      "resolved": "https://registry.npmjs.org/classnames/-/classnames-2.2.5.tgz",
      "integrity": "sha1-+zgB1FNGdknvNgPH1hoCvRKb3m0="
    },
    "consecutive": {
      "version": "5.0.4",
      "resolved": "https://registry.npmjs.org/consecutive/-/consecutive-5.0.4.tgz",
      "integrity": "sha1-RdJtRgT1UeWm20d/nXmb7DOi8AU="
    },
    "hoist-non-react-statics": {
      "version": "2.5.0",
      "resolved": "https://registry.npmjs.org/hoist-non-react-statics/-/hoist-non-react-statics-2.5.0.tgz",
      "integrity": "sha512-6Bl6XsDT1ntE0lHbIhr4Kp2PGcleGZ66qu5Jqk8lc0Xc/IeG6gVLmwUGs/K0Us+L8VWoKgj0uWdPMataOsm31w=="
    },
    "mobx": {
      "version": "3.5.1",
      "resolved": "https://registry.npmjs.org/mobx/-/mobx-3.5.1.tgz",
      "integrity": "sha1-jmguxTXPROBABbnjfi32asyXWkI="
    },
    "mobx-react": {
      "version": "4.4.2",
      "resolved": "https://registry.npmjs.org/mobx-react/-/mobx-react-4.4.2.tgz",
      "integrity": "sha1-ItcQl0iD3hdjza/OMCVXCnnGQzY=",
      "requires": {
        "hoist-non-react-statics": "2.5.0"
      }
    },
    "react-accessible-accordion": {
      "version": "2.0.0",
      "resolved": "https://registry.npmjs.org/react-accessible-accordion/-/react-accessible-accordion-2.0.0.tgz",
      "integrity": "sha512-/7KcK6PcuvbB9BTyCp9SNz3kdsXCHDHwOXWdlRVapxRPalwDi2KZBooCBcK+L9WJGM/NrcdBRUTF0vHNuVsvaA==",
      "requires": {
        "classnames": "2.2.5",
        "consecutive": "5.0.4",
        "mobx": "3.5.1",
        "mobx-react": "4.4.2"
      }
    }
  }
}
